// !$*UTF8*$!
{
	archiveVersion = 1;
	classes = {
	};
	objectVersion = 50;
	objects = {

/* Begin PBXBuildFile section */
		8A97BB522135591800A0CC51 /* AppDelegate.swift in Sources */ = {isa = PBXBuildFile; fileRef = 8A97BB512135591800A0CC51 /* AppDelegate.swift */; };
		8A97BB572135591800A0CC51 /* Main.storyboard in Resources */ = {isa = PBXBuildFile; fileRef = 8A97BB552135591800A0CC51 /* Main.storyboard */; };
		8A97BB592135591A00A0CC51 /* Assets.xcassets in Resources */ = {isa = PBXBuildFile; fileRef = 8A97BB582135591A00A0CC51 /* Assets.xcassets */; };
		8A97BB5C2135591A00A0CC51 /* LaunchScreen.storyboard in Resources */ = {isa = PBXBuildFile; fileRef = 8A97BB5A2135591A00A0CC51 /* LaunchScreen.storyboard */; };
		8A97BB642135594200A0CC51 /* CustomLoaderView.swift in Sources */ = {isa = PBXBuildFile; fileRef = 8A97BB632135594200A0CC51 /* CustomLoaderView.swift */; };
		8A97BB6721355BFB00A0CC51 /* ViewController.swift in Sources */ = {isa = PBXBuildFile; fileRef = 8A97BB6621355BFB00A0CC51 /* ViewController.swift */; };
/* End PBXBuildFile section */

/* Begin PBXFileReference section */
		8A97BB4E2135591800A0CC51 /* CustomLoaderView.app */ = {isa = PBXFileReference; explicitFileType = wrapper.application; includeInIndex = 0; path = CustomLoaderView.app; sourceTree = BUILT_PRODUCTS_DIR; };
		8A97BB512135591800A0CC51 /* AppDelegate.swift */ = {isa = PBXFileReference; lastKnownFileType = sourcecode.swift; path = AppDelegate.swift; sourceTree = "<group>"; };
		8A97BB562135591800A0CC51 /* Base */ = {isa = PBXFileReference; lastKnownFileType = file.storyboard; name = Base; path = Base.lproj/Main.storyboard; sourceTree = "<group>"; };
		8A97BB582135591A00A0CC51 /* Assets.xcassets */ = {isa = PBXFileReference; lastKnownFileType = folder.assetcatalog; path = Assets.xcassets; sourceTree = "<group>"; };
		8A97BB5B2135591A00A0CC51 /* Base */ = {isa = PBXFileReference; lastKnownFileType = file.storyboard; name = Base; path = Base.lproj/LaunchScreen.storyboard; sourceTree = "<group>"; };
		8A97BB5D2135591A00A0CC51 /* Info.plist */ = {isa = PBXFileReference; lastKnownFileType = text.plist.xml; path = Info.plist; sourceTree = "<group>"; };
		8A97BB632135594200A0CC51 /* CustomLoaderView.swift */ = {isa = PBXFileReference; lastKnownFileType = sourcecode.swift; path = CustomLoaderView.swift; sourceTree = "<group>"; };
		8A97BB6621355BFB00A0CC51 /* ViewController.swift */ = {isa = PBXFileReference; lastKnownFileType = sourcecode.swift; path = ViewController.swift; sourceTree = "<group>"; };
/* End PBXFileReference section */

/* Begin PBXFrameworksBuildPhase section */
		8A97BB4B2135591800A0CC51 /* Frameworks */ = {
			isa = PBXFrameworksBuildPhase;
			buildActionMask = 2147483647;
			files = (
			);
			runOnlyForDeploymentPostprocessing = 0;
		};
/* End PBXFrameworksBuildPhase section */

/* Begin PBXGroup section */
		8A97BB452135591800A0CC51 = {
			isa = PBXGroup;
			children = (
				8A97BB502135591800A0CC51 /* CustomLoaderView */,
				8A97BB4F2135591800A0CC51 /* Products */,
			);
			sourceTree = "<group>";
		};
		8A97BB4F2135591800A0CC51 /* Products */ = {
			isa = PBXGroup;
			children = (
				8A97BB4E2135591800A0CC51 /* CustomLoaderView.app */,
			);
			name = Products;
			sourceTree = "<group>";
		};
		8A97BB502135591800A0CC51 /* CustomLoaderView */ = {
			isa = PBXGroup;
			children = (
				8A97BB652135594700A0CC51 /* View */,
				8A97BB512135591800A0CC51 /* AppDelegate.swift */,
				8A97BB6621355BFB00A0CC51 /* ViewController.swift */,
				8A97BB552135591800A0CC51 /* Main.storyboard */,
				8A97BB582135591A00A0CC51 /* Assets.xcassets */,
				8A97BB5A2135591A00A0CC51 /* LaunchScreen.storyboard */,
				8A97BB5D2135591A00A0CC51 /* Info.plist */,
			);
			path = CustomLoaderView;
			sourceTree = "<group>";
		};
		8A97BB652135594700A0CC51 /* View */ = {
			isa = PBXGroup;
			children = (
				8A97BB632135594200A0CC51 /* CustomLoaderView.swift */,
			);
			path = View;
			sourceTree = "<group>";
		};
/* End PBXGroup section */

/* Begin PBXNativeTarget section */
		8A97BB4D2135591800A0CC51 /* CustomLoaderView */ = {
			isa = PBXNativeTarget;
			buildConfigurationList = 8A97BB602135591A00A0CC51 /* Build configuration list for PBXNativeTarget "CustomLoaderView" */;
			buildPhases = (
				8A97BB4A2135591800A0CC51 /* Sources */,
				8A97BB4B2135591800A0CC51 /* Frameworks */,
				8A97BB4C2135591800A0CC51 /* Resources */,
			);
			buildRules = (
			);
			dependencies = (
			);
			name = CustomLoaderView;
			productName = CustomLoaderView;
			productReference = 8A97BB4E2135591800A0CC51 /* CustomLoaderView.app */;
			productType = "com.apple.product-type.application";
		};
/* End PBXNativeTarget section */

/* Begin PBXProject section */
		8A97BB462135591800A0CC51 /* Project object */ = {
			isa = PBXProject;
			attributes = {
				LastSwiftUpdateCheck = 0940;
				LastUpgradeCheck = 0940;
				ORGANIZATIONNAME = Kayosys;
				TargetAttributes = {
					8A97BB4D2135591800A0CC51 = {
						CreatedOnToolsVersion = 9.4;
					};
				};
			};
			buildConfigurationList = 8A97BB492135591800A0CC51 /* Build configuration list for PBXProject "CustomLoaderView" */;
			compatibilityVersion = "Xcode 9.3";
			developmentRegion = en;
			hasScannedForEncodings = 0;
			knownRegions = (
				en,
				Base,
			);
			mainGroup = 8A97BB452135591800A0CC51;
			productRefGroup = 8A97BB4F2135591800A0CC51 /* Products */;
			projectDirPath = "";
			projectRoot = "";
			targets = (
				8A97BB4D2135591800A0CC51 /* CustomLoaderView */,
			);
		};
/* End PBXProject section */

/* Begin PBXResourcesBuildPhase section */
		8A97BB4C2135591800A0CC51 /* Resources */ = {
			isa = PBXResourcesBuildPhase;
			buildActionMask = 2147483647;
			files = (
				8A97BB5C2135591A00A0CC51 /* LaunchScreen.storyboard in Resources */,
				8A97BB592135591A00A0CC51 /* Assets.xcassets in Resources */,
				8A97BB572135591800A0CC51 /* Main.storyboard in Resources */,
			);
			runOnlyForDeploymentPostprocessing = 0;
		};
/* End PBXResourcesBuildPhase section */

/* Begin PBXSourcesBuildPhase section */
		8A97BB4A2135591800A0CC51 /* Sources */ = {
			isa = PBXSourcesBuildPhase;
			buildActionMask = 2147483647;
			files = (
				8A97BB6721355BFB00A0CC51 /* ViewController.swift in Sources */,
				8A97BB642135594200A0CC51 /* CustomLoaderView.swift in Sources */,
				8A97BB522135591800A0CC51 /* AppDelegate.swift in Sources */,
			);
			runOnlyForDeploymentPostprocessing = 0;
		};
/* End PBXSourcesBuildPhase section */

/* Begin PBXVariantGroup section */
		8A97BB552135591800A0CC51 /* Main.storyboard */ = {
			isa = PBXVariantGroup;
			children = (
				8A97BB562135591800A0CC51 /* Base */,
			);
			name = Main.storyboard;
			sourceTree = "<group>";
		};
		8A97BB5A2135591A00A0CC51 /* LaunchScreen.storyboard */ = {
			isa = PBXVariantGroup;
			children = (
				8A97BB5B2135591A00A0CC51 /* Base */,
			);
			name = LaunchScreen.storyboard;
			sourceTree = "<group>";
		};
/* End PBXVariantGroup section */

/* Begin XCBuildConfiguration section */
		8A97BB5E2135591A00A0CC51 /* Debug */ = {
			isa = XCBuildConfiguration;
			buildSettings = {
				ALWAYS_SEARCH_USER_PATHS = NO;
				CLANG_ANALYZER_NONNULL = YES;
				CLANG_ANALYZER_NUMBER_OBJECT_CONVERSION = YES_AGGRESSIVE;
				CLANG_CXX_LANGUAGE_STANDARD = "gnu++14";
				CLANG_CXX_LIBRARY = "libc++";
				CLANG_ENABLE_MODULES = YES;
				CLANG_ENABLE_OBJC_ARC = YES;
				CLANG_ENABLE_OBJC_WEAK = YES;
				CLANG_WARN_BLOCK_CAPTURE_AUTORELEASING = YES;
				CLANG_WARN_BOOL_CONVERSION = YES;
				CLANG_WARN_COMMA = YES;
				CLANG_WARN_CONSTANT_CONVERSION = YES;
				CLANG_WARN_DEPRECATED_OBJC_IMPLEMENTATIONS = YES;
				CLANG_WARN_DIRECT_OBJC_ISA_USAGE = YES_ERROR;
				CLANG_WARN_DOCUMENTATION_COMMENTS = YES;
				CLANG_WARN_EMPTY_BODY = YES;
				CLANG_WARN_ENUM_CONVERSION = YES;
				CLANG_WARN_INFINITE_RECURSION = YES;
				CLANG_WARN_INT_CONVERSION = YES;
				CLANG_WARN_NON_LITERAL_NULL_CONVERSION = YES;
				CLANG_WARN_OBJC_IMPLICIT_RETAIN_SELF = YES;
				CLANG_WARN_OBJC_LITERAL_CONVERSION = YES;
				CLANG_WARN_OBJC_ROOT_CLASS = YES_ERROR;
				CLANG_WARN_RANGE_LOOP_ANALYSIS = YES;
				CLANG_WARN_STRICT_PROTOTYPES = YES;
				CLANG_WARN_SUSPICIOUS_MOVE = YES;
				CLANG_WARN_UNGUARDED_AVAILABILITY = YES_AGGRESSIVE;
				CLANG_WARN_UNREACHABLE_CODE = YES;
				CLANG_WARN__DUPLICATE_METHOD_MATCH = YES;
				CODE_SIGN_IDENTITY = "iPhone Developer";
				COPY_PHASE_STRIP = NO;
				DEBUG_INFORMATION_FORMAT = dwarf;
				ENABLE_STRICT_OBJC_MSGSEND = YES;
				ENABLE_TESTABILITY = YES;
				GCC_C_LANGUAGE_STANDARD = gnu11;
				GCC_DYNAMIC_NO_PIC = NO;
				GCC_NO_COMMON_BLOCKS = YES;
				GCC_OPTIMIZATION_LEVEL = 0;
				GCC_PREPROCESSOR_DEFINITIONS = (
					"DEBUG=1",
					"$(inherited)",
				);
				GCC_WARN_64_TO_32_BIT_CONVERSION = YES;
				GCC_WARN_ABOUT_RETURN_TYPE = YES_ERROR;
				GCC_WARN_UNDECLARED_SELECTOR = YES;
				GCC_WARN_UNINITIALIZED_AUTOS = YES_AGGRESSIVE;
				GCC_WARN_UNUSED_FUNCTION = YES;
				GCC_WARN_UNUSED_VARIABLE = YES;
				IPHONEOS_DEPLOYMENT_TARGET = 11.4;
				MTL_ENABLE_DEBUG_INFO = YES;
				ONLY_ACTIVE_ARCH = YES;
				SDKROOT = iphoneos;
				SWIFT_ACTIVE_COMPILATION_CONDITIONS = DEBUG;
				SWIFT_OPTIMIZATION_LEVEL = "-Onone";
			};
			name = Debug;
		};
		8A97BB5F2135591A00A0CC51 /* Release */ = {
			isa = XCBuildConfiguration;
			buildSettings = {
				ALWAYS_SEARCH_USER_PATHS = NO;
				CLANG_ANALYZER_NONNULL = YES;
				CLANG_ANALYZER_NUMBER_OBJECT_CONVERSION = YES_AGGRESSIVE;
				CLANG_CXX_LANGUAGE_STANDARD = "gnu++14";
				CLANG_CXX_LIBRARY = "libc++";
				CLANG_ENABLE_MODULES = YES;
				CLANG_ENABLE_OBJC_ARC = YES;
				CLANG_ENABLE_OBJC_WEAK = YES;
				CLANG_WARN_BLOCK_CAPTURE_AUTORELEASING = YES;
				CLANG_WARN_BOOL_CONVERSION = YES;
				CLANG_WARN_COMMA = YES;
				CLANG_WARN_CONSTANT_CONVERSION = YES;
				CLANG_WARN_DEPRECATED_OBJC_IMPLEMENTATIONS = YES;
				CLANG_WARN_DIRECT_OBJC_ISA_USAGE = YES_ERROR;
				CLANG_WARN_DOCUMENTATION_COMMENTS = YES;
				CLANG_WARN_EMPTY_BODY = YES;
				CLANG_WARN_ENUM_CONVERSION = YES;
				CLANG_WARN_INFINITE_RECURSION = YES;
				CLANG_WARN_INT_CONVERSION = YES;
				CLANG_WARN_NON_LITERAL_NULL_CONVERSION = YES;
				CLANG_WARN_OBJC_IMPLICIT_RETAIN_SELF = YES;
				CLANG_WARN_OBJC_LITERAL_CONVERSION = YES;
				CLANG_WARN_OBJC_ROOT_CLASS = YES_ERROR;
				CLANG_WARN_RANGE_LOOP_ANALYSIS = YES;
				CLANG_WARN_STRICT_PROTOTYPES = YES;
				CLANG_WARN_SUSPICIOUS_MOVE = YES;
				CLANG_WARN_UNGUARDED_AVAILABILITY = YES_AGGRESSIVE;
				CLANG_WARN_UNREACHABLE_CODE = YES;
				CLANG_WARN__DUPLICATE_METHOD_MATCH = YES;
				CODE_SIGN_IDENTITY = "iPhone Developer";
				COPY_PHASE_STRIP = NO;
				DEBUG_INFORMATION_FORMAT = "dwarf-with-dsym";
				ENABLE_NS_ASSERTIONS = NO;
				ENABLE_STRICT_OBJC_MSGSEND = YES;
				GCC_C_LANGUAGE_STANDARD = gnu11;
				GCC_NO_COMMON_BLOCKS = YES;
				GCC_WARN_64_TO_32_BIT_CONVERSION = YES;
				GCC_WARN_ABOUT_RETURN_TYPE = YES_ERROR;
				GCC_WARN_UNDECLARED_SELECTOR = YES;
				GCC_WARN_UNINITIALIZED_AUTOS = YES_AGGRESSIVE;
				GCC_WARN_UNUSED_FUNCTION = YES;
				GCC_WARN_UNUSED_VARIABLE = YES;
				IPHONEOS_DEPLOYMENT_TARGET = 11.4;
				MTL_ENABLE_DEBUG_INFO = NO;
				SDKROOT = iphoneos;
				SWIFT_COMPILATION_MODE = wholemodule;
				SWIFT_OPTIMIZATION_LEVEL = "-O";
				VALIDATE_PRODUCT = YES;
			};
			name = Release;
		};
		8A97BB612135591A00A0CC51 /* Debug */ = {
			isa = XCBuildConfiguration;
			buildSettings = {
				ASSETCATALOG_COMPILER_APPICON_NAME = AppIcon;
				CODE_SIGN_STYLE = Automatic;
				DEVELOPMENT_TEAM = U3ACLLMCU5;
				INFOPLIST_FILE = CustomLoaderView/Info.plist;
				IPHONEOS_DEPLOYMENT_TARGET = 11.1;
				LD_RUNPATH_SEARCH_PATHS = (
					"$(inherited)",
					"@executable_path/Frameworks",
				);
				PRODUCT_BUNDLE_IDENTIFIER = com.appsmall.CustomLoaderView;
				PRODUCT_NAME = "$(TARGET_NAME)";
				SWIFT_VERSION = 4.0;
				TARGETED_DEVICE_FAMILY = "1,2";
			};
			name = Debug;
		};
		8A97BB622135591A00A0CC51 /* Release */ = {
			isa = XCBuildConfiguration;
			buildSettings = {
				ASSETCATALOG_COMPILER_APPICON_NAME = AppIcon;
				CODE_SIGN_STYLE = Automatic;
				DEVELOPMENT_TEAM = U3ACLLMCU5;
				INFOPLIST_FILE = CustomLoaderView/Info.plist;
				IPHONEOS_DEPLOYMENT_TARGET = 11.1;
				LD_RUNPATH_SEARCH_PATHS = (
					"$(inherited)",
					"@executable_path/Frameworks",
				);
				PRODUCT_BUNDLE_IDENTIFIER = com.appsmall.CustomLoaderView;
				PRODUCT_NAME = "$(TARGET_NAME)";
				SWIFT_VERSION = 4.0;
				TARGETED_DEVICE_FAMILY = "1,2";
			};
			name = Release;
		};
/* End XCBuildConfiguration section */

/* Begin XCConfigurationList section */
		8A97BB492135591800A0CC51 /* Build configuration list for PBXProject "CustomLoaderView" */ = {
			isa = XCConfigurationList;
			buildConfigurations = (
				8A97BB5E2135591A00A0CC51 /* Debug */,
				8A97BB5F2135591A00A0CC51 /* Release */,
			);
			defaultConfigurationIsVisible = 0;
			defaultConfigurationName = Release;
		};
		8A97BB602135591A00A0CC51 /* Build configuration list for PBXNativeTarget "CustomLoaderView" */ = {
			isa = XCConfigurationList;
			buildConfigurations = (
				8A97BB612135591A00A0CC51 /* Debug */,
				8A97BB622135591A00A0CC51 /* Release */,
			);
			defaultConfigurationIsVisible = 0;
			defaultConfigurationName = Release;
		};
/* End XCConfigurationList section */
	};
	rootObject = 8A97BB462135591800A0CC51 /* Project object */;
}
